{
  "requires": true,
  "lockfileVersion": 1,
  "dependencies": {
    "@fortawesome/fontawesome-free": {
      "version": "5.12.1",
      "resolved": "https://registry.npmjs.org/@fortawesome/fontawesome-free/-/fontawesome-free-5.12.1.tgz",
      "integrity": "sha512-ZtjIIFplxncqxvogq148C3hBLQE+W3iJ8E4UvJ09zIJUgzwLcROsWwFDErVSXY2Plzao5J9KUYNHKHMEUYDMKw=="
    },
    "debounce": {
      "version": "1.0.2",
      "resolved": "https://registry.npmjs.org/debounce/-/debounce-1.0.2.tgz",
      "integrity": "sha1-UDzGdNjX9zcJlmT7dd29NrlibcY="
    },
    "domify": {
      "version": "1.4.0",
      "resolved": "https://registry.npmjs.org/domify/-/domify-1.4.0.tgz",
      "integrity": "sha1-EUg2F/dk+GlZdbS9x5sU8IA7Yps="
    },
    "emitter-component": {
      "version": "1.1.1",
      "resolved": "https://registry.npmjs.org/emitter-component/-/emitter-component-1.1.1.tgz",
      "integrity": "sha1-Bl4tvtaVm/RwZ57avq95gdEAOrY="
    }
  }
}
